// !$*UTF8*$!
{
	archiveVersion = 1;
	classes = {
	};
	objectVersion = 50;
	objects = {

/* Begin PBXBuildFile section */
		83D5583B20BD2B6600E590A0 /* AppDelegate.swift in Sources */ = {isa = PBXBuildFile; fileRef = 83D5583A20BD2B6600E590A0 /* AppDelegate.swift */; };
		83D5583D20BD2B6600E590A0 /* ViewController.swift in Sources */ = {isa = PBXBuildFile; fileRef = 83D5583C20BD2B6600E590A0 /* ViewController.swift */; };
		83D5584020BD2B6600E590A0 /* Main.storyboard in Resources */ = {isa = PBXBuildFile; fileRef = 83D5583E20BD2B6600E590A0 /* Main.storyboard */; };
		83D5584220BD2B6700E590A0 /* Assets.xcassets in Resources */ = {isa = PBXBuildFile; fileRef = 83D5584120BD2B6700E590A0 /* Assets.xcassets */; };
		83D5584520BD2B6700E590A0 /* LaunchScreen.storyboard in Resources */ = {isa = PBXBuildFile; fileRef = 83D5584320BD2B6700E590A0 /* LaunchScreen.storyboard */; };
		83D5585020BD2B6700E590A0 /* UITableViewTests.swift in Sources */ = {isa = PBXBuildFile; fileRef = 83D5584F20BD2B6700E590A0 /* UITableViewTests.swift */; };
		83D5585B20BD2B6700E590A0 /* UITableViewUITests.swift in Sources */ = {isa = PBXBuildFile; fileRef = 83D5585A20BD2B6700E590A0 /* UITableViewUITests.swift */; };
/* End PBXBuildFile section */

/* Begin PBXContainerItemProxy section */
		83D5584C20BD2B6700E590A0 /* PBXContainerItemProxy */ = {
			isa = PBXContainerItemProxy;
			containerPortal = 83D5582F20BD2B6600E590A0 /* Project object */;
			proxyType = 1;
			remoteGlobalIDString = 83D5583620BD2B6600E590A0;
			remoteInfo = UITableView;
		};
		83D5585720BD2B6700E590A0 /* PBXContainerItemProxy */ = {
			isa = PBXContainerItemProxy;
			containerPortal = 83D5582F20BD2B6600E590A0 /* Project object */;
			proxyType = 1;
			remoteGlobalIDString = 83D5583620BD2B6600E590A0;
			remoteInfo = UITableView;
		};
/* End PBXContainerItemProxy section */

/* Begin PBXFileReference section */
		83D5583720BD2B6600E590A0 /* UITableView.app */ = {isa = PBXFileReference; explicitFileType = wrapper.application; includeInIndex = 0; path = UITableView.app; sourceTree = BUILT_PRODUCTS_DIR; };
		83D5583A20BD2B6600E590A0 /* AppDelegate.swift */ = {isa = PBXFileReference; lastKnownFileType = sourcecode.swift; path = AppDelegate.swift; sourceTree = "<group>"; };
		83D5583C20BD2B6600E590A0 /* ViewController.swift */ = {isa = PBXFileReference; lastKnownFileType = sourcecode.swift; path = ViewController.swift; sourceTree = "<group>"; };
		83D5583F20BD2B6600E590A0 /* Base */ = {isa = PBXFileReference; lastKnownFileType = file.storyboard; name = Base; path = Base.lproj/Main.storyboard; sourceTree = "<group>"; };
		83D5584120BD2B6700E590A0 /* Assets.xcassets */ = {isa = PBXFileReference; lastKnownFileType = folder.assetcatalog; path = Assets.xcassets; sourceTree = "<group>"; };
		83D5584420BD2B6700E590A0 /* Base */ = {isa = PBXFileReference; lastKnownFileType = file.storyboard; name = Base; path = Base.lproj/LaunchScreen.storyboard; sourceTree = "<group>"; };
		83D5584620BD2B6700E590A0 /* Info.plist */ = {isa = PBXFileReference; lastKnownFileType = text.plist.xml; path = Info.plist; sourceTree = "<group>"; };
		83D5584B20BD2B6700E590A0 /* UITableViewTests.xctest */ = {isa = PBXFileReference; explicitFileType = wrapper.cfbundle; includeInIndex = 0; path = UITableViewTests.xctest; sourceTree = BUILT_PRODUCTS_DIR; };
		83D5584F20BD2B6700E590A0 /* UITableViewTests.swift */ = {isa = PBXFileReference; lastKnownFileType = sourcecode.swift; path = UITableViewTests.swift; sourceTree = "<group>"; };
		83D5585120BD2B6700E590A0 /* Info.plist */ = {isa = PBXFileReference; lastKnownFileType = text.plist.xml; path = Info.plist; sourceTree = "<group>"; };
		83D5585620BD2B6700E590A0 /* UITableViewUITests.xctest */ = {isa = PBXFileReference; explicitFileType = wrapper.cfbundle; includeInIndex = 0; path = UITableViewUITests.xctest; sourceTree = BUILT_PRODUCTS_DIR; };
		83D5585A20BD2B6700E590A0 /* UITableViewUITests.swift */ = {isa = PBXFileReference; lastKnownFileType = sourcecode.swift; path = UITableViewUITests.swift; sourceTree = "<group>"; };
		83D5585C20BD2B6700E590A0 /* Info.plist */ = {isa = PBXFileReference; lastKnownFileType = text.plist.xml; path = Info.plist; sourceTree = "<group>"; };
/* End PBXFileReference section */

/* Begin PBXFrameworksBuildPhase section */
		83D5583420BD2B6600E590A0 /* Frameworks */ = {
			isa = PBXFrameworksBuildPhase;
			buildActionMask = 2147483647;
			files = (
			);
			runOnlyForDeploymentPostprocessing = 0;
		};
		83D5584820BD2B6700E590A0 /* Frameworks */ = {
			isa = PBXFrameworksBuildPhase;
			buildActionMask = 2147483647;
			files = (
			);
			runOnlyForDeploymentPostprocessing = 0;
		};
		83D5585320BD2B6700E590A0 /* Frameworks */ = {
			isa = PBXFrameworksBuildPhase;
			buildActionMask = 2147483647;
			files = (
			);
			runOnlyForDeploymentPostprocessing = 0;
		};
/* End PBXFrameworksBuildPhase section */

/* Begin PBXGroup section */
		83D5582E20BD2B6500E590A0 = {
			isa = PBXGroup;
			children = (
				83D5583920BD2B6600E590A0 /* UITableView */,
				83D5584E20BD2B6700E590A0 /* UITableViewTests */,
				83D5585920BD2B6700E590A0 /* UITableViewUITests */,
				83D5583820BD2B6600E590A0 /* Products */,
			);
			sourceTree = "<group>";
		};
		83D5583820BD2B6600E590A0 /* Products */ = {
			isa = PBXGroup;
			children = (
				83D5583720BD2B6600E590A0 /* UITableView.app */,
				83D5584B20BD2B6700E590A0 /* UITableViewTests.xctest */,
				83D5585620BD2B6700E590A0 /* UITableViewUITests.xctest */,
			);
			name = Products;
			sourceTree = "<group>";
		};
		83D5583920BD2B6600E590A0 /* UITableView */ = {
			isa = PBXGroup;
			children = (
				83D5583A20BD2B6600E590A0 /* AppDelegate.swift */,
				83D5583C20BD2B6600E590A0 /* ViewController.swift */,
				83D5583E20BD2B6600E590A0 /* Main.storyboard */,
				83D5584120BD2B6700E590A0 /* Assets.xcassets */,
				83D5584320BD2B6700E590A0 /* LaunchScreen.storyboard */,
				83D5584620BD2B6700E590A0 /* Info.plist */,
			);
			path = UITableView;
			sourceTree = "<group>";
		};
		83D5584E20BD2B6700E590A0 /* UITableViewTests */ = {
			isa = PBXGroup;
			children = (
				83D5584F20BD2B6700E590A0 /* UITableViewTests.swift */,
				83D5585120BD2B6700E590A0 /* Info.plist */,
			);
			path = UITableViewTests;
			sourceTree = "<group>";
		};
		83D5585920BD2B6700E590A0 /* UITableViewUITests */ = {
			isa = PBXGroup;
			children = (
				83D5585A20BD2B6700E590A0 /* UITableViewUITests.swift */,
				83D5585C20BD2B6700E590A0 /* Info.plist */,
			);
			path = UITableViewUITests;
			sourceTree = "<group>";
		};
/* End PBXGroup section */

/* Begin PBXNativeTarget section */
		83D5583620BD2B6600E590A0 /* UITableView */ = {
			isa = PBXNativeTarget;
			buildConfigurationList = 83D5585F20BD2B6700E590A0 /* Build configuration list for PBXNativeTarget "UITableView" */;
			buildPhases = (
				83D5583320BD2B6600E590A0 /* Sources */,
				83D5583420BD2B6600E590A0 /* Frameworks */,
				83D5583520BD2B6600E590A0 /* Resources */,
			);
			buildRules = (
			);
			dependencies = (
			);
			name = UITableView;
			productName = UITableView;
			productReference = 83D5583720BD2B6600E590A0 /* UITableView.app */;
			productType = "com.apple.product-type.application";
		};
		83D5584A20BD2B6700E590A0 /* UITableViewTests */ = {
			isa = PBXNativeTarget;
			buildConfigurationList = 83D5586220BD2B6700E590A0 /* Build configuration list for PBXNativeTarget "UITableViewTests" */;
			buildPhases = (
				83D5584720BD2B6700E590A0 /* Sources */,
				83D5584820BD2B6700E590A0 /* Frameworks */,
				83D5584920BD2B6700E590A0 /* Resources */,
			);
			buildRules = (
			);
			dependencies = (
				83D5584D20BD2B6700E590A0 /* PBXTargetDependency */,
			);
			name = UITableViewTests;
			productName = UITableViewTests;
			productReference = 83D5584B20BD2B6700E590A0 /* UITableViewTests.xctest */;
			productType = "com.apple.product-type.bundle.unit-test";
		};
		83D5585520BD2B6700E590A0 /* UITableViewUITests */ = {
			isa = PBXNativeTarget;
			buildConfigurationList = 83D5586520BD2B6700E590A0 /* Build configuration list for PBXNativeTarget "UITableViewUITests" */;
			buildPhases = (
				83D5585220BD2B6700E590A0 /* Sources */,
				83D5585320BD2B6700E590A0 /* Frameworks */,
				83D5585420BD2B6700E590A0 /* Resources */,
			);
			buildRules = (
			);
			dependencies = (
				83D5585820BD2B6700E590A0 /* PBXTargetDependency */,
			);
			name = UITableViewUITests;
			productName = UITableViewUITests;
			productReference = 83D5585620BD2B6700E590A0 /* UITableViewUITests.xctest */;
			productType = "com.apple.product-type.bundle.ui-testing";
		};
/* End PBXNativeTarget section */

/* Begin PBXProject section */
		83D5582F20BD2B6600E590A0 /* Project object */ = {
			isa = PBXProject;
			attributes = {
				LastSwiftUpdateCheck = 0930;
				LastUpgradeCheck = 0930;
				ORGANIZATIONNAME = "Mr wngkai";
				TargetAttributes = {
					83D5583620BD2B6600E590A0 = {
						CreatedOnToolsVersion = 9.3;
					};
					83D5584A20BD2B6700E590A0 = {
						CreatedOnToolsVersion = 9.3;
						TestTargetID = 83D5583620BD2B6600E590A0;
					};
					83D5585520BD2B6700E590A0 = {
						CreatedOnToolsVersion = 9.3;
						TestTargetID = 83D5583620BD2B6600E590A0;
					};
				};
			};
			buildConfigurationList = 83D5583220BD2B6600E590A0 /* Build configuration list for PBXProject "UITableView" */;
			compatibilityVersion = "Xcode 9.3";
			developmentRegion = en;
			hasScannedForEncodings = 0;
			knownRegions = (
				en,
				Base,
			);
			mainGroup = 83D5582E20BD2B6500E590A0;
			productRefGroup = 83D5583820BD2B6600E590A0 /* Products */;
			projectDirPath = "";
			projectRoot = "";
			targets = (
				83D5583620BD2B6600E590A0 /* UITableView */,
				83D5584A20BD2B6700E590A0 /* UITableViewTests */,
				83D5585520BD2B6700E590A0 /* UITableViewUITests */,
			);
		};
/* End PBXProject section */

/* Begin PBXResourcesBuildPhase section */
		83D5583520BD2B6600E590A0 /* Resources */ = {
			isa = PBXResourcesBuildPhase;
			buildActionMask = 2147483647;
			files = (
				83D5584520BD2B6700E590A0 /* LaunchScreen.storyboard in Resources */,
				83D5584220BD2B6700E590A0 /* Assets.xcassets in Resources */,
				83D5584020BD2B6600E590A0 /* Main.storyboard in Resources */,
			);
			runOnlyForDeploymentPostprocessing = 0;
		};
		83D5584920BD2B6700E590A0 /* Resources */ = {
			isa = PBXResourcesBuildPhase;
			buildActionMask = 2147483647;
			files = (
			);
			runOnlyForDeploymentPostprocessing = 0;
		};
		83D5585420BD2B6700E590A0 /* Resources */ = {
			isa = PBXResourcesBuildPhase;
			buildActionMask = 2147483647;
			files = (
			);
			runOnlyForDeploymentPostprocessing = 0;
		};
/* End PBXResourcesBuildPhase section */

/* Begin PBXSourcesBuildPhase section */
		83D5583320BD2B6600E590A0 /* Sources */ = {
			isa = PBXSourcesBuildPhase;
			buildActionMask = 2147483647;
			files = (
				83D5583D20BD2B6600E590A0 /* ViewController.swift in Sources */,
				83D5583B20BD2B6600E590A0 /* AppDelegate.swift in Sources */,
			);
			runOnlyForDeploymentPostprocessing = 0;
		};
		83D5584720BD2B6700E590A0 /* Sources */ = {
			isa = PBXSourcesBuildPhase;
			buildActionMask = 2147483647;
			files = (
				83D5585020BD2B6700E590A0 /* UITableViewTests.swift in Sources */,
			);
			runOnlyForDeploymentPostprocessing = 0;
		};
		83D5585220BD2B6700E590A0 /* Sources */ = {
			isa = PBXSourcesBuildPhase;
			buildActionMask = 2147483647;
			files = (
				83D5585B20BD2B6700E590A0 /* UITableViewUITests.swift in Sources */,
			);
			runOnlyForDeploymentPostprocessing = 0;
		};
/* End PBXSourcesBuildPhase section */

/* Begin PBXTargetDependency section */
		83D5584D20BD2B6700E590A0 /* PBXTargetDependency */ = {
			isa = PBXTargetDependency;
			target = 83D5583620BD2B6600E590A0 /* UITableView */;
			targetProxy = 83D5584C20BD2B6700E590A0 /* PBXContainerItemProxy */;
		};
		83D5585820BD2B6700E590A0 /* PBXTargetDependency */ = {
			isa = PBXTargetDependency;
			target = 83D5583620BD2B6600E590A0 /* UITableView */;
			targetProxy = 83D5585720BD2B6700E590A0 /* PBXContainerItemProxy */;
		};
/* End PBXTargetDependency section */

/* Begin PBXVariantGroup section */
		83D5583E20BD2B6600E590A0 /* Main.storyboard */ = {
			isa = PBXVariantGroup;
			children = (
				83D5583F20BD2B6600E590A0 /* Base */,
			);
			name = Main.storyboard;
			sourceTree = "<group>";
		};
		83D5584320BD2B6700E590A0 /* LaunchScreen.storyboard */ = {
			isa = PBXVariantGroup;
			children = (
				83D5584420BD2B6700E590A0 /* Base */,
			);
			name = LaunchScreen.storyboard;
			sourceTree = "<group>";
		};
/* End PBXVariantGroup section */

/* Begin XCBuildConfiguration section */
		83D5585D20BD2B6700E590A0 /* Debug */ = {
			isa = XCBuildConfiguration;
			buildSettings = {
				ALWAYS_SEARCH_USER_PATHS = NO;
				CLANG_ANALYZER_NONNULL = YES;
				CLANG_ANALYZER_NUMBER_OBJECT_CONVERSION = YES_AGGRESSIVE;
				CLANG_CXX_LANGUAGE_STANDARD = "gnu++14";
				CLANG_CXX_LIBRARY = "libc++";
				CLANG_ENABLE_MODULES = YES;
				CLANG_ENABLE_OBJC_ARC = YES;
				CLANG_ENABLE_OBJC_WEAK = YES;
				CLANG_WARN_BLOCK_CAPTURE_AUTORELEASING = YES;
				CLANG_WARN_BOOL_CONVERSION = YES;
				CLANG_WARN_COMMA = YES;
				CLANG_WARN_CONSTANT_CONVERSION = YES;
				CLANG_WARN_DEPRECATED_OBJC_IMPLEMENTATIONS = YES;
				CLANG_WARN_DIRECT_OBJC_ISA_USAGE = YES_ERROR;
				CLANG_WARN_DOCUMENTATION_COMMENTS = YES;
				CLANG_WARN_EMPTY_BODY = YES;
				CLANG_WARN_ENUM_CONVERSION = YES;
				CLANG_WARN_INFINITE_RECURSION = YES;
				CLANG_WARN_INT_CONVERSION = YES;
				CLANG_WARN_NON_LITERAL_NULL_CONVERSION = YES;
				CLANG_WARN_OBJC_IMPLICIT_RETAIN_SELF = YES;
				CLANG_WARN_OBJC_LITERAL_CONVERSION = YES;
				CLANG_WARN_OBJC_ROOT_CLASS = YES_ERROR;
				CLANG_WARN_RANGE_LOOP_ANALYSIS = YES;
				CLANG_WARN_STRICT_PROTOTYPES = YES;
				CLANG_WARN_SUSPICIOUS_MOVE = YES;
				CLANG_WARN_UNGUARDED_AVAILABILITY = YES_AGGRESSIVE;
				CLANG_WARN_UNREACHABLE_CODE = YES;
				CLANG_WARN__DUPLICATE_METHOD_MATCH = YES;
				CODE_SIGN_IDENTITY = "iPhone Developer";
				COPY_PHASE_STRIP = NO;
				DEBUG_INFORMATION_FORMAT = dwarf;
				ENABLE_STRICT_OBJC_MSGSEND = YES;
				ENABLE_TESTABILITY = YES;
				GCC_C_LANGUAGE_STANDARD = gnu11;
				GCC_DYNAMIC_NO_PIC = NO;
				GCC_NO_COMMON_BLOCKS = YES;
				GCC_OPTIMIZATION_LEVEL = 0;
				GCC_PREPROCESSOR_DEFINITIONS = (
					"DEBUG=1",
					"$(inherited)",
				);
				GCC_WARN_64_TO_32_BIT_CONVERSION = YES;
				GCC_WARN_ABOUT_RETURN_TYPE = YES_ERROR;
				GCC_WARN_UNDECLARED_SELECTOR = YES;
				GCC_WARN_UNINITIALIZED_AUTOS = YES_AGGRESSIVE;
				GCC_WARN_UNUSED_FUNCTION = YES;
				GCC_WARN_UNUSED_VARIABLE = YES;
				IPHONEOS_DEPLOYMENT_TARGET = 11.3;
				MTL_ENABLE_DEBUG_INFO = YES;
				ONLY_ACTIVE_ARCH = YES;
				SDKROOT = iphoneos;
				SWIFT_ACTIVE_COMPILATION_CONDITIONS = DEBUG;
				SWIFT_OPTIMIZATION_LEVEL = "-Onone";
			};
			name = Debug;
		};
		83D5585E20BD2B6700E590A0 /* Release */ = {
			isa = XCBuildConfiguration;
			buildSettings = {
				ALWAYS_SEARCH_USER_PATHS = NO;
				CLANG_ANALYZER_NONNULL = YES;
				CLANG_ANALYZER_NUMBER_OBJECT_CONVERSION = YES_AGGRESSIVE;
				CLANG_CXX_LANGUAGE_STANDARD = "gnu++14";
				CLANG_CXX_LIBRARY = "libc++";
				CLANG_ENABLE_MODULES = YES;
				CLANG_ENABLE_OBJC_ARC = YES;
				CLANG_ENABLE_OBJC_WEAK = YES;
				CLANG_WARN_BLOCK_CAPTURE_AUTORELEASING = YES;
				CLANG_WARN_BOOL_CONVERSION = YES;
				CLANG_WARN_COMMA = YES;
				CLANG_WARN_CONSTANT_CONVERSION = YES;
				CLANG_WARN_DEPRECATED_OBJC_IMPLEMENTATIONS = YES;
				CLANG_WARN_DIRECT_OBJC_ISA_USAGE = YES_ERROR;
				CLANG_WARN_DOCUMENTATION_COMMENTS = YES;
				CLANG_WARN_EMPTY_BODY = YES;
				CLANG_WARN_ENUM_CONVERSION = YES;
				CLANG_WARN_INFINITE_RECURSION = YES;
				CLANG_WARN_INT_CONVERSION = YES;
				CLANG_WARN_NON_LITERAL_NULL_CONVERSION = YES;
				CLANG_WARN_OBJC_IMPLICIT_RETAIN_SELF = YES;
				CLANG_WARN_OBJC_LITERAL_CONVERSION = YES;
				CLANG_WARN_OBJC_ROOT_CLASS = YES_ERROR;
				CLANG_WARN_RANGE_LOOP_ANALYSIS = YES;
				CLANG_WARN_STRICT_PROTOTYPES = YES;
				CLANG_WARN_SUSPICIOUS_MOVE = YES;
				CLANG_WARN_UNGUARDED_AVAILABILITY = YES_AGGRESSIVE;
				CLANG_WARN_UNREACHABLE_CODE = YES;
				CLANG_WARN__DUPLICATE_METHOD_MATCH = YES;
				CODE_SIGN_IDENTITY = "iPhone Developer";
				COPY_PHASE_STRIP = NO;
				DEBUG_INFORMATION_FORMAT = "dwarf-with-dsym";
				ENABLE_NS_ASSERTIONS = NO;
				ENABLE_STRICT_OBJC_MSGSEND = YES;
				GCC_C_LANGUAGE_STANDARD = gnu11;
				GCC_NO_COMMON_BLOCKS = YES;
				GCC_WARN_64_TO_32_BIT_CONVERSION = YES;
				GCC_WARN_ABOUT_RETURN_TYPE = YES_ERROR;
				GCC_WARN_UNDECLARED_SELECTOR = YES;
				GCC_WARN_UNINITIALIZED_AUTOS = YES_AGGRESSIVE;
				GCC_WARN_UNUSED_FUNCTION = YES;
				GCC_WARN_UNUSED_VARIABLE = YES;
				IPHONEOS_DEPLOYMENT_TARGET = 11.3;
				MTL_ENABLE_DEBUG_INFO = NO;
				SDKROOT = iphoneos;
				SWIFT_COMPILATION_MODE = wholemodule;
				SWIFT_OPTIMIZATION_LEVEL = "-O";
				VALIDATE_PRODUCT = YES;
			};
			name = Release;
		};
		83D5586020BD2B6700E590A0 /* Debug */ = {
			isa = XCBuildConfiguration;
			buildSettings = {
				ASSETCATALOG_COMPILER_APPICON_NAME = AppIcon;
				CODE_SIGN_STYLE = Automatic;
				INFOPLIST_FILE = UITableView/Info.plist;
				LD_RUNPATH_SEARCH_PATHS = (
					"$(inherited)",
					"@executable_path/Frameworks",
				);
				PRODUCT_BUNDLE_IDENTIFIER = com.hello.UITableView;
				PRODUCT_NAME = "$(TARGET_NAME)";
				SWIFT_VERSION = 4.0;
				TARGETED_DEVICE_FAMILY = "1,2";
			};
			name = Debug;
		};
		83D5586120BD2B6700E590A0 /* Release */ = {
			isa = XCBuildConfiguration;
			buildSettings = {
				ASSETCATALOG_COMPILER_APPICON_NAME = AppIcon;
				CODE_SIGN_STYLE = Automatic;
				INFOPLIST_FILE = UITableView/Info.plist;
				LD_RUNPATH_SEARCH_PATHS = (
					"$(inherited)",
					"@executable_path/Frameworks",
				);
				PRODUCT_BUNDLE_IDENTIFIER = com.hello.UITableView;
				PRODUCT_NAME = "$(TARGET_NAME)";
				SWIFT_VERSION = 4.0;
				TARGETED_DEVICE_FAMILY = "1,2";
			};
			name = Release;
		};
		83D5586320BD2B6700E590A0 /* Debug */ = {
			isa = XCBuildConfiguration;
			buildSettings = {
				ALWAYS_EMBED_SWIFT_STANDARD_LIBRARIES = YES;
				BUNDLE_LOADER = "$(TEST_HOST)";
				CODE_SIGN_STYLE = Automatic;
				INFOPLIST_FILE = UITableViewTests/Info.plist;
				LD_RUNPATH_SEARCH_PATHS = (
					"$(inherited)",
					"@executable_path/Frameworks",
					"@loader_path/Frameworks",
				);
				PRODUCT_BUNDLE_IDENTIFIER = com.hello.UITableViewTests;
				PRODUCT_NAME = "$(TARGET_NAME)";
				SWIFT_VERSION = 4.0;
				TARGETED_DEVICE_FAMILY = "1,2";
				TEST_HOST = "$(BUILT_PRODUCTS_DIR)/UITableView.app/UITableView";
			};
			name = Debug;
		};
		83D5586420BD2B6700E590A0 /* Release */ = {
			isa = XCBuildConfiguration;
			buildSettings = {
				ALWAYS_EMBED_SWIFT_STANDARD_LIBRARIES = YES;
				BUNDLE_LOADER = "$(TEST_HOST)";
				CODE_SIGN_STYLE = Automatic;
				INFOPLIST_FILE = UITableViewTests/Info.plist;
				LD_RUNPATH_SEARCH_PATHS = (
					"$(inherited)",
					"@executable_path/Frameworks",
					"@loader_path/Frameworks",
				);
				PRODUCT_BUNDLE_IDENTIFIER = com.hello.UITableViewTests;
				PRODUCT_NAME = "$(TARGET_NAME)";
				SWIFT_VERSION = 4.0;
				TARGETED_DEVICE_FAMILY = "1,2";
				TEST_HOST = "$(BUILT_PRODUCTS_DIR)/UITableView.app/UITableView";
			};
			name = Release;
		};
		83D5586620BD2B6700E590A0 /* Debug */ = {
			isa = XCBuildConfiguration;
			buildSettings = {
				ALWAYS_EMBED_SWIFT_STANDARD_LIBRARIES = YES;
				CODE_SIGN_STYLE = Automatic;
				INFOPLIST_FILE = UITableViewUITests/Info.plist;
				LD_RUNPATH_SEARCH_PATHS = (
					"$(inherited)",
					"@executable_path/Frameworks",
					"@loader_path/Frameworks",
				);
				PRODUCT_BUNDLE_IDENTIFIER = com.hello.UITableViewUITests;
				PRODUCT_NAME = "$(TARGET_NAME)";
				SWIFT_VERSION = 4.0;
				TARGETED_DEVICE_FAMILY = "1,2";
				TEST_TARGET_NAME = UITableView;
			};
			name = Debug;
		};
		83D5586720BD2B6700E590A0 /* Release */ = {
			isa = XCBuildConfiguration;
			buildSettings = {
				ALWAYS_EMBED_SWIFT_STANDARD_LIBRARIES = YES;
				CODE_SIGN_STYLE = Automatic;
				INFOPLIST_FILE = UITableViewUITests/Info.plist;
				LD_RUNPATH_SEARCH_PATHS = (
					"$(inherited)",
					"@executable_path/Frameworks",
					"@loader_path/Frameworks",
				);
				PRODUCT_BUNDLE_IDENTIFIER = com.hello.UITableViewUITests;
				PRODUCT_NAME = "$(TARGET_NAME)";
				SWIFT_VERSION = 4.0;
				TARGETED_DEVICE_FAMILY = "1,2";
				TEST_TARGET_NAME = UITableView;
			};
			name = Release;
		};
/* End XCBuildConfiguration section */

/* Begin XCConfigurationList section */
		83D5583220BD2B6600E590A0 /* Build configuration list for PBXProject "UITableView" */ = {
			isa = XCConfigurationList;
			buildConfigurations = (
				83D5585D20BD2B6700E590A0 /* Debug */,
				83D5585E20BD2B6700E590A0 /* Release */,
			);
			defaultConfigurationIsVisible = 0;
			defaultConfigurationName = Release;
		};
		83D5585F20BD2B6700E590A0 /* Build configuration list for PBXNativeTarget "UITableView" */ = {
			isa = XCConfigurationList;
			buildConfigurations = (
				83D5586020BD2B6700E590A0 /* Debug */,
				83D5586120BD2B6700E590A0 /* Release */,
			);
			defaultConfigurationIsVisible = 0;
			defaultConfigurationName = Release;
		};
		83D5586220BD2B6700E590A0 /* Build configuration list for PBXNativeTarget "UITableViewTests" */ = {
			isa = XCConfigurationList;
			buildConfigurations = (
				83D5586320BD2B6700E590A0 /* Debug */,
				83D5586420BD2B6700E590A0 /* Release */,
			);
			defaultConfigurationIsVisible = 0;
			defaultConfigurationName = Release;
		};
		83D5586520BD2B6700E590A0 /* Build configuration list for PBXNativeTarget "UITableViewUITests" */ = {
			isa = XCConfigurationList;
			buildConfigurations = (
				83D5586620BD2B6700E590A0 /* Debug */,
				83D5586720BD2B6700E590A0 /* Release */,
			);
			defaultConfigurationIsVisible = 0;
			defaultConfigurationName = Release;
		};
/* End XCConfigurationList section */
	};
	rootObject = 83D5582F20BD2B6600E590A0 /* Project object */;
}
